
Microsoft Visual Studio Solution File, Format Version 12.00
# Visual Studio Version 17
VisualStudioVersion = 17.1.32210.238
MinimumVisualStudioVersion = 10.0.40219.1
Project("{FAE04EC0-301F-11D3-BF4B-00C04F79EFBC}") = "Yammy", "Yammy\Yammy.csproj", "{0A503BC4-10BD-485A-8776-1CFF9CC4C562}"
EndProject
Global
	GlobalSection(SolutionConfigurationPlatforms) = preSolution
		Debug|Any CPU = Debug|Any CPU
		Release|Any CPU = Release|Any CPU
	EndGlobalSection
	GlobalSection(ProjectConfigurationPlatforms) = postSolution
		{0A503BC4-10BD-485A-8776-1CFF9CC4C562}.Debug|Any CPU.ActiveCfg = Debug|Any CPU
		{0A503BC4-10BD-485A-8776-1CFF9CC4C562}.Debug|Any CPU.Build.0 = Debug|Any CPU
		{0A503BC4-10BD-485A-8776-1CFF9CC4C562}.Release|Any CPU.ActiveCfg = Release|Any CPU
		{0A503BC4-10BD-485A-8776-1CFF9CC4C562}.Release|Any CPU.Build.0 = Release|Any CPU
	EndGlobalSection
	GlobalSection(SolutionProperties) = preSolution
		HideSolutionNode = FALSE
	EndGlobalSection
	GlobalSection(ExtensibilityGlobals) = postSolution
		SolutionGuid = {5E1F5F56-D670-4895-BD2C-6EF17EDBA329}
	EndGlobalSection
EndGlobal
